
Microsoft Visual Studio Solution File, Format Version 12.00
# Visual Studio Version 16
VisualStudioVersion = 16.0.29709.97
MinimumVisualStudioVersion = 10.0.40219.1
Project("{FAE04EC0-301F-11D3-BF4B-00C04F79EFBC}") = "MyShop.Core", "MyShop.Core\MyShop.Core.csproj", "{E80FD995-F159-4A99-BD57-5BEA58DC80D4}"
EndProject
Project("{FAE04EC0-301F-11D3-BF4B-00C04F79EFBC}") = "MyShop.Services", "MyShop.Services\MyShop.Services.csproj", "{53417476-5F33-42DF-B45C-604F210572DF}"
EndProject
Project("{FAE04EC0-301F-11D3-BF4B-00C04F79EFBC}") = "MyShop.DataAccess.SQL", "MyShop.DataAccess.SQL\MyShop.DataAccess.SQL.csproj", "{DCC54CE6-DF11-45D0-AE5A-BE8DDBDD5630}"
EndProject
Project("{FAE04EC0-301F-11D3-BF4B-00C04F79EFBC}") = "MyShop.DataAccess.InMemory", "MyShop.DataAccess.InMemory\MyShop.DataAccess.InMemory.csproj", "{A58F3AAD-40D7-4ACD-A31C-A14D03916479}"
EndProject
Project("{FAE04EC0-301F-11D3-BF4B-00C04F79EFBC}") = "MyShop.WebUI", "MyShop.WebUI\MyShop.WebUI.csproj", "{88734134-C20D-4200-AA7D-7FBDDDCE9DD1}"
EndProject
Project("{FAE04EC0-301F-11D3-BF4B-00C04F79EFBC}") = "MyShop.WebUI.Tests", "MyShop.WebUI.Tests\MyShop.WebUI.Tests.csproj", "{40AEA3DE-AA71-44D9-8558-E82F224EB40B}"
EndProject
Global
	GlobalSection(SolutionConfigurationPlatforms) = preSolution
		Debug|Any CPU = Debug|Any CPU
		Release|Any CPU = Release|Any CPU
	EndGlobalSection
	GlobalSection(ProjectConfigurationPlatforms) = postSolution
		{E80FD995-F159-4A99-BD57-5BEA58DC80D4}.Debug|Any CPU.ActiveCfg = Debug|Any CPU
		{E80FD995-F159-4A99-BD57-5BEA58DC80D4}.Debug|Any CPU.Build.0 = Debug|Any CPU
		{E80FD995-F159-4A99-BD57-5BEA58DC80D4}.Release|Any CPU.ActiveCfg = Release|Any CPU
		{E80FD995-F159-4A99-BD57-5BEA58DC80D4}.Release|Any CPU.Build.0 = Release|Any CPU
		{53417476-5F33-42DF-B45C-604F210572DF}.Debug|Any CPU.ActiveCfg = Debug|Any CPU
		{53417476-5F33-42DF-B45C-604F210572DF}.Debug|Any CPU.Build.0 = Debug|Any CPU
		{53417476-5F33-42DF-B45C-604F210572DF}.Release|Any CPU.ActiveCfg = Release|Any CPU
		{53417476-5F33-42DF-B45C-604F210572DF}.Release|Any CPU.Build.0 = Release|Any CPU
		{DCC54CE6-DF11-45D0-AE5A-BE8DDBDD5630}.Debug|Any CPU.ActiveCfg = Debug|Any CPU
		{DCC54CE6-DF11-45D0-AE5A-BE8DDBDD5630}.Debug|Any CPU.Build.0 = Debug|Any CPU
		{DCC54CE6-DF11-45D0-AE5A-BE8DDBDD5630}.Release|Any CPU.ActiveCfg = Release|Any CPU
		{DCC54CE6-DF11-45D0-AE5A-BE8DDBDD5630}.Release|Any CPU.Build.0 = Release|Any CPU
		{A58F3AAD-40D7-4ACD-A31C-A14D03916479}.Debug|Any CPU.ActiveCfg = Debug|Any CPU
		{A58F3AAD-40D7-4ACD-A31C-A14D03916479}.Debug|Any CPU.Build.0 = Debug|Any CPU
		{A58F3AAD-40D7-4ACD-A31C-A14D03916479}.Release|Any CPU.ActiveCfg = Release|Any CPU
		{A58F3AAD-40D7-4ACD-A31C-A14D03916479}.Release|Any CPU.Build.0 = Release|Any CPU
		{88734134-C20D-4200-AA7D-7FBDDDCE9DD1}.Debug|Any CPU.ActiveCfg = Debug|Any CPU
		{88734134-C20D-4200-AA7D-7FBDDDCE9DD1}.Debug|Any CPU.Build.0 = Debug|Any CPU
		{88734134-C20D-4200-AA7D-7FBDDDCE9DD1}.Release|Any CPU.ActiveCfg = Release|Any CPU
		{88734134-C20D-4200-AA7D-7FBDDDCE9DD1}.Release|Any CPU.Build.0 = Release|Any CPU
		{40AEA3DE-AA71-44D9-8558-E82F224EB40B}.Debug|Any CPU.ActiveCfg = Debug|Any CPU
		{40AEA3DE-AA71-44D9-8558-E82F224EB40B}.Debug|Any CPU.Build.0 = Debug|Any CPU
		{40AEA3DE-AA71-44D9-8558-E82F224EB40B}.Release|Any CPU.ActiveCfg = Release|Any CPU
		{40AEA3DE-AA71-44D9-8558-E82F224EB40B}.Release|Any CPU.Build.0 = Release|Any CPU
	EndGlobalSection
	GlobalSection(SolutionProperties) = preSolution
		HideSolutionNode = FALSE
	EndGlobalSection
	GlobalSection(ExtensibilityGlobals) = postSolution
		SolutionGuid = {39FC8E05-94B0-4225-9845-BB27C02AFAD4}
	EndGlobalSection
EndGlobal
